PODS:
  - 25519 (2.0.2)
  - HKDFKit (0.0.3)
  - ProtocolBuffers (1.9.11)

DEPENDENCIES:
  - 25519 (~> 2.0.1)
  - HKDFKit (~> 0.0.3)
  - ProtocolBuffers (~> 1.9.7)

SPEC CHECKSUMS:
  '25519': dc4bad7e2dbcbf1efa121068a705a44cd98c80fc
  HKDFKit: c058305d6f64b84f28c50bd7aa89574625bcb62a
  ProtocolBuffers: d509225eb2ea43d9582a59e94348fcf86e2abd65

PODFILE CHECKSUM: '06848fa45c5d7bf1e817b59f9c1ecc26ed88ea85'

COCOAPODS: 1.2.0
