PODS:
  - 25519 (2.0.2)
  - AxolotlKit (0.8.1):
    - 25519 (~> 2.0.1)
    - CocoaLumberjack
    - HKDFKit (~> 0.0.3)
    - ProtocolBuffers (~> 1.9.8)
  - CocoaLumberjack (3.1.0):
    - CocoaLumberjack/Default (= 3.1.0)
    - CocoaLumberjack/Extensions (= 3.1.0)
  - CocoaLumberjack/Default (3.1.0)
  - CocoaLumberjack/Extensions (3.1.0):
    - CocoaLumberjack/Default
  - HKDFKit (0.0.3)
  - ProtocolBuffers (1.9.11)

DEPENDENCIES:
  - AxolotlKit (from `.`)

EXTERNAL SOURCES:
  AxolotlKit:
    :path: "."

SPEC CHECKSUMS:
  '25519': dc4bad7e2dbcbf1efa121068a705a44cd98c80fc
  AxolotlKit: ba0ab24b879d34559a68e1270b079cc9bd7b3417
  CocoaLumberjack: 8311463ddf9ee86a06ef92a071dd656c89244500
  HKDFKit: c058305d6f64b84f28c50bd7aa89574625bcb62a
  ProtocolBuffers: d509225eb2ea43d9582a59e94348fcf86e2abd65

PODFILE CHECKSUM: 620aef96f4f83d45f76ba8405fc626a76a47f95f

COCOAPODS: 1.2.1
