// !$*UTF8*$!
{
	archiveVersion = 1;
	classes = {
	};
	objectVersion = 46;
	objects = {

/* Begin PBXBuildFile section */
		30BDB6D632952E18074FD70B /* libPods.a in Frameworks */ = {isa = PBXBuildFile; fileRef = AD9F87ECA041E727CC457415 /* libPods.a */; };
		719C4E40588B7AD1F1DD22FC /* libPods.a in Frameworks */ = {isa = PBXBuildFile; fileRef = AD9F87ECA041E727CC457415 /* libPods.a */; };
		B60978AE197D9ABF00DB3828 /* SessionCipher.m in Sources */ = {isa = PBXBuildFile; fileRef = B6B98FBB197D83EC00B16B5E /* SessionCipher.m */; };
		B60978AF197D9AD200DB3828 /* RKCK.m in Sources */ = {isa = PBXBuildFile; fileRef = B6B98F97197D83DD00B16B5E /* RKCK.m */; };
		B60978B1197D9AD200DB3828 /* TSDerivedSecrets.m in Sources */ = {isa = PBXBuildFile; fileRef = B6B98F9B197D83DD00B16B5E /* TSDerivedSecrets.m */; };
		B60978B3197D9AD200DB3828 /* MessageKeys.m in Sources */ = {isa = PBXBuildFile; fileRef = B6B98F9F197D83DD00B16B5E /* MessageKeys.m */; };
		B60978B7197D9AD200DB3828 /* SessionState.m in Sources */ = {isa = PBXBuildFile; fileRef = B6B98FA7197D83DD00B16B5E /* SessionState.m */; };
		B60978B9197D9AD200DB3828 /* NSData+Base64.m in Sources */ = {isa = PBXBuildFile; fileRef = B6481B6E197D868600D03A4D /* NSData+Base64.m */; };
		B610BA73197FAC6500DDC97D /* RootKey.m in Sources */ = {isa = PBXBuildFile; fileRef = B610BA72197FAC6500DDC97D /* RootKey.m */; };
		B611CB6219844A5600FC54DA /* RatchetingSession.m in Sources */ = {isa = PBXBuildFile; fileRef = B611CB6119844A5600FC54DA /* RatchetingSession.m */; };
		B611CB6519844D8500FC54DA /* AliceAxolotlParameters.m in Sources */ = {isa = PBXBuildFile; fileRef = B611CB6419844D8500FC54DA /* AliceAxolotlParameters.m */; };
		B611CB6819844E7C00FC54DA /* BobAxolotlParameters.m in Sources */ = {isa = PBXBuildFile; fileRef = B611CB6719844E7C00FC54DA /* BobAxolotlParameters.m */; };
		B619AF1419FC148D00E33198 /* ProtobuffsTests.m in Sources */ = {isa = PBXBuildFile; fileRef = B619AF1319FC148D00E33198 /* ProtobuffsTests.m */; };
		B61B6839198352570047EF87 /* SessionRecord.m in Sources */ = {isa = PBXBuildFile; fileRef = B61B6838198352570047EF87 /* SessionRecord.m */; };
		B61E841E19D17C33004FC382 /* HKDFTest.m in Sources */ = {isa = PBXBuildFile; fileRef = B61E841C19D1780D004FC382 /* HKDFTest.m */; };
		B63B2F9F197D8AFD00E09F65 /* Foundation.framework in Frameworks */ = {isa = PBXBuildFile; fileRef = B63B2F9E197D8AFD00E09F65 /* Foundation.framework */; };
		B63B2FA1197D8AFD00E09F65 /* CoreGraphics.framework in Frameworks */ = {isa = PBXBuildFile; fileRef = B63B2FA0197D8AFD00E09F65 /* CoreGraphics.framework */; };
		B63B2FA3197D8AFD00E09F65 /* UIKit.framework in Frameworks */ = {isa = PBXBuildFile; fileRef = B63B2FA2197D8AFD00E09F65 /* UIKit.framework */; };
		B63B2FA9197D8AFD00E09F65 /* InfoPlist.strings in Resources */ = {isa = PBXBuildFile; fileRef = B63B2FA7197D8AFD00E09F65 /* InfoPlist.strings */; };
		B63B2FAB197D8AFD00E09F65 /* main.m in Sources */ = {isa = PBXBuildFile; fileRef = B63B2FAA197D8AFD00E09F65 /* main.m */; };
		B63B2FAF197D8AFD00E09F65 /* AppDelegate.m in Sources */ = {isa = PBXBuildFile; fileRef = B63B2FAE197D8AFD00E09F65 /* AppDelegate.m */; };
		B63B2FB1197D8AFD00E09F65 /* Images.xcassets in Resources */ = {isa = PBXBuildFile; fileRef = B63B2FB0197D8AFD00E09F65 /* Images.xcassets */; };
		B63B2FDC197D8B9600E09F65 /* XCTest.framework in Frameworks */ = {isa = PBXBuildFile; fileRef = B63B2FB7197D8AFD00E09F65 /* XCTest.framework */; };
		B63B2FDD197D8B9600E09F65 /* Foundation.framework in Frameworks */ = {isa = PBXBuildFile; fileRef = B63B2F9E197D8AFD00E09F65 /* Foundation.framework */; };
		B63B2FDE197D8B9600E09F65 /* UIKit.framework in Frameworks */ = {isa = PBXBuildFile; fileRef = B63B2FA2197D8AFD00E09F65 /* UIKit.framework */; };
		B63B2FE4197D8B9600E09F65 /* InfoPlist.strings in Resources */ = {isa = PBXBuildFile; fileRef = B63B2FE2197D8B9600E09F65 /* InfoPlist.strings */; };
		B63B2FE6197D8B9600E09F65 /* AxolotlKit_Tests.m in Sources */ = {isa = PBXBuildFile; fileRef = B63B2FE5197D8B9600E09F65 /* AxolotlKit_Tests.m */; };
		B654B03419FACCB6000458F0 /* RatchetingSessionTest.m in Sources */ = {isa = PBXBuildFile; fileRef = B654B03319FACCB6000458F0 /* RatchetingSessionTest.m */; };
		B677600C197E4CA500A09623 /* PreKeyBundle.m in Sources */ = {isa = PBXBuildFile; fileRef = B677600B197E4CA500A09623 /* PreKeyBundle.m */; };
		B68034C719CEFBFF00976441 /* ChainAndIndex.m in Sources */ = {isa = PBXBuildFile; fileRef = B68034C619CEFBFF00976441 /* ChainAndIndex.m */; };
		B6A3490319F1A4B4008A3E01 /* AxolotlInMemoryStore.m in Sources */ = {isa = PBXBuildFile; fileRef = B6A3490219F1A4B4008A3E01 /* AxolotlInMemoryStore.m */; };
		B6B05C791980611400238B0D /* WhisperMessage.m in Sources */ = {isa = PBXBuildFile; fileRef = B6B05C781980611400238B0D /* WhisperMessage.m */; };
		B6B05C7C1980612F00238B0D /* PreKeyWhisperMessage.m in Sources */ = {isa = PBXBuildFile; fileRef = B6B05C7B1980612F00238B0D /* PreKeyWhisperMessage.m */; };
		B6B05C8919808EE100238B0D /* SessionBuilder.m in Sources */ = {isa = PBXBuildFile; fileRef = B6B05C8819808EE100238B0D /* SessionBuilder.m */; };
		B6B3E63C19FD3D8A0035422D /* WhisperMessageSerialization.m in Sources */ = {isa = PBXBuildFile; fileRef = B6B3E63B19FD3D8A0035422D /* WhisperMessageSerialization.m */; };
		B6B3E63F19FD40AF0035422D /* NSData+keyVersionByte.m in Sources */ = {isa = PBXBuildFile; fileRef = B6B3E63E19FD40AF0035422D /* NSData+keyVersionByte.m */; };
		B6B3E64319FD5BC70035422D /* ECKeyPair+ECKeyPairTesting.m in Sources */ = {isa = PBXBuildFile; fileRef = B6B3E64219FD5BC70035422D /* ECKeyPair+ECKeyPairTesting.m */; };
		B6B3E64419FD5C8E0035422D /* ECKeyPair+ECKeyPairTesting.m in Sources */ = {isa = PBXBuildFile; fileRef = B6B3E64219FD5BC70035422D /* ECKeyPair+ECKeyPairTesting.m */; };
		B6BB8C3519F7E773008A5895 /* SessionBuilderTests.m in Sources */ = {isa = PBXBuildFile; fileRef = B6BB8C3419F7E773008A5895 /* SessionBuilderTests.m */; };
		B6CBA86B19EC805200CF915B /* WhisperTextProtocol.pb.m in Sources */ = {isa = PBXBuildFile; fileRef = B6CBA86A19EC805200CF915B /* WhisperTextProtocol.pb.m */; };
		B6CC3F8619FDA46F004CAA8A /* SerializationUtilities.m in Sources */ = {isa = PBXBuildFile; fileRef = B6CC3F8519FDA46F004CAA8A /* SerializationUtilities.m */; };
		B6D41A2319DB4F8E00EE9BAA /* SessionCipherTest.m in Sources */ = {isa = PBXBuildFile; fileRef = B6D41A2219DB4F8E00EE9BAA /* SessionCipherTest.m */; };
		B6D51DF21984BE9300A25F87 /* SignedPrekeyRecord.m in Sources */ = {isa = PBXBuildFile; fileRef = B6D51DF11984BE9300A25F87 /* SignedPrekeyRecord.m */; };
		B6D51DF51984C0C500A25F87 /* PreKeyRecord.m in Sources */ = {isa = PBXBuildFile; fileRef = B6D51DF41984C0C500A25F87 /* PreKeyRecord.m */; };
		B6E37AE019CF107C00E619CA /* ECCTests.m in Sources */ = {isa = PBXBuildFile; fileRef = B6E37ADF19CF107C00E619CA /* ECCTests.m */; };
		B6F34EB0197EDDB500B64572 /* AES-CBC.m in Sources */ = {isa = PBXBuildFile; fileRef = B6F34EAF197EDDB500B64572 /* AES-CBC.m */; };
		B6F77FB719B64A9400EE3F13 /* SendingChain.m in Sources */ = {isa = PBXBuildFile; fileRef = B6F77FB619B64A9400EE3F13 /* SendingChain.m */; };
		B6F77FBA19B64AB300EE3F13 /* ReceivingChain.m in Sources */ = {isa = PBXBuildFile; fileRef = B6F77FB919B64AB300EE3F13 /* ReceivingChain.m */; };
		B6FF6BC219ACC3F000E3C675 /* ChainKey.m in Sources */ = {isa = PBXBuildFile; fileRef = B6FF6BC119ACC3F000E3C675 /* ChainKey.m */; };
/* End PBXBuildFile section */

/* Begin PBXContainerItemProxy section */
		B63B2FE8197D8B9600E09F65 /* PBXContainerItemProxy */ = {
			isa = PBXContainerItemProxy;
			containerPortal = B6B98F70197D838A00B16B5E /* Project object */;
			proxyType = 1;
			remoteGlobalIDString = B63B2F9C197D8AFD00E09F65;
			remoteInfo = AxolotlKit;
		};
/* End PBXContainerItemProxy section */

/* Begin PBXFileReference section */
		AD9F87ECA041E727CC457415 /* libPods.a */ = {isa = PBXFileReference; explicitFileType = archive.ar; includeInIndex = 0; path = libPods.a; sourceTree = BUILT_PRODUCTS_DIR; };
		B610BA6C197F9D1D00DDC97D /* AxolotlParameters.h */ = {isa = PBXFileReference; fileEncoding = 4; lastKnownFileType = sourcecode.c.h; name = AxolotlParameters.h; path = Models/AxolotlParameters.h; sourceTree = "<group>"; };
		B610BA71197FAC6500DDC97D /* RootKey.h */ = {isa = PBXFileReference; fileEncoding = 4; lastKnownFileType = sourcecode.c.h; name = RootKey.h; path = Models/RootKey.h; sourceTree = "<group>"; };
		B610BA72197FAC6500DDC97D /* RootKey.m */ = {isa = PBXFileReference; fileEncoding = 4; lastKnownFileType = sourcecode.c.objc; name = RootKey.m; path = Models/RootKey.m; sourceTree = "<group>"; };
		B611CB6019844A5600FC54DA /* RatchetingSession.h */ = {isa = PBXFileReference; fileEncoding = 4; lastKnownFileType = sourcecode.c.h; name = RatchetingSession.h; path = Classes/RatchetingSession.h; sourceTree = "<group>"; };
		B611CB6119844A5600FC54DA /* RatchetingSession.m */ = {isa = PBXFileReference; fileEncoding = 4; lastKnownFileType = sourcecode.c.objc; name = RatchetingSession.m; path = Classes/RatchetingSession.m; sourceTree = "<group>"; };
		B611CB6319844D8500FC54DA /* AliceAxolotlParameters.h */ = {isa = PBXFileReference; fileEncoding = 4; lastKnownFileType = sourcecode.c.h; name = AliceAxolotlParameters.h; path = Models/AliceAxolotlParameters.h; sourceTree = "<group>"; };
		B611CB6419844D8500FC54DA /* AliceAxolotlParameters.m */ = {isa = PBXFileReference; fileEncoding = 4; lastKnownFileType = sourcecode.c.objc; name = AliceAxolotlParameters.m; path = Models/AliceAxolotlParameters.m; sourceTree = "<group>"; };
		B611CB6619844E7C00FC54DA /* BobAxolotlParameters.h */ = {isa = PBXFileReference; fileEncoding = 4; lastKnownFileType = sourcecode.c.h; name = BobAxolotlParameters.h; path = Models/BobAxolotlParameters.h; sourceTree = "<group>"; };
		B611CB6719844E7C00FC54DA /* BobAxolotlParameters.m */ = {isa = PBXFileReference; fileEncoding = 4; lastKnownFileType = sourcecode.c.objc; name = BobAxolotlParameters.m; path = Models/BobAxolotlParameters.m; sourceTree = "<group>"; };
		B619AF1319FC148D00E33198 /* ProtobuffsTests.m */ = {isa = PBXFileReference; fileEncoding = 4; lastKnownFileType = sourcecode.c.objc; path = ProtobuffsTests.m; sourceTree = "<group>"; };
		B61B6837198352570047EF87 /* SessionRecord.h */ = {isa = PBXFileReference; fileEncoding = 4; lastKnownFileType = sourcecode.c.h; name = SessionRecord.h; path = Classes/Sessions/SessionRecord.h; sourceTree = "<group>"; };
		B61B6838198352570047EF87 /* SessionRecord.m */ = {isa = PBXFileReference; fileEncoding = 4; lastKnownFileType = sourcecode.c.objc; name = SessionRecord.m; path = Classes/Sessions/SessionRecord.m; sourceTree = "<group>"; };
		B61E841C19D1780D004FC382 /* HKDFTest.m */ = {isa = PBXFileReference; fileEncoding = 4; lastKnownFileType = sourcecode.c.objc; path = HKDFTest.m; sourceTree = "<group>"; };
		B62F96B419EAA7A7004CA958 /* SessionStore.h */ = {isa = PBXFileReference; fileEncoding = 4; lastKnownFileType = sourcecode.c.h; name = SessionStore.h; path = State/SessionStore.h; sourceTree = "<group>"; };
		B62F96B819EAA881004CA958 /* IdentityKeyStore.h */ = {isa = PBXFileReference; fileEncoding = 4; lastKnownFileType = sourcecode.c.h; name = IdentityKeyStore.h; path = State/IdentityKeyStore.h; sourceTree = "<group>"; };
		B62F96B919EAA8C5004CA958 /* SignedPreKeyStore.h */ = {isa = PBXFileReference; fileEncoding = 4; lastKnownFileType = sourcecode.c.h; name = SignedPreKeyStore.h; path = State/SignedPreKeyStore.h; sourceTree = "<group>"; };
		B62F96BA19EAA8F5004CA958 /* PreKeyStore.h */ = {isa = PBXFileReference; fileEncoding = 4; lastKnownFileType = sourcecode.c.h; name = PreKeyStore.h; path = State/PreKeyStore.h; sourceTree = "<group>"; };
		B63B2F9D197D8AFD00E09F65 /* AxolotlKit.app */ = {isa = PBXFileReference; explicitFileType = wrapper.application; includeInIndex = 0; path = AxolotlKit.app; sourceTree = BUILT_PRODUCTS_DIR; };
		B63B2F9E197D8AFD00E09F65 /* Foundation.framework */ = {isa = PBXFileReference; lastKnownFileType = wrapper.framework; name = Foundation.framework; path = System/Library/Frameworks/Foundation.framework; sourceTree = SDKROOT; };
		B63B2FA0197D8AFD00E09F65 /* CoreGraphics.framework */ = {isa = PBXFileReference; lastKnownFileType = wrapper.framework; name = CoreGraphics.framework; path = System/Library/Frameworks/CoreGraphics.framework; sourceTree = SDKROOT; };
		B63B2FA2197D8AFD00E09F65 /* UIKit.framework */ = {isa = PBXFileReference; lastKnownFileType = wrapper.framework; name = UIKit.framework; path = System/Library/Frameworks/UIKit.framework; sourceTree = SDKROOT; };
		B63B2FA6197D8AFD00E09F65 /* AxolotlKit-Info.plist */ = {isa = PBXFileReference; lastKnownFileType = text.plist.xml; path = "AxolotlKit-Info.plist"; sourceTree = "<group>"; };
		B63B2FA8197D8AFD00E09F65 /* en */ = {isa = PBXFileReference; lastKnownFileType = text.plist.strings; name = en; path = en.lproj/InfoPlist.strings; sourceTree = "<group>"; };
		B63B2FAA197D8AFD00E09F65 /* main.m */ = {isa = PBXFileReference; lastKnownFileType = sourcecode.c.objc; path = main.m; sourceTree = "<group>"; };
		B63B2FAC197D8AFD00E09F65 /* AxolotlKit-Prefix.pch */ = {isa = PBXFileReference; lastKnownFileType = sourcecode.c.h; path = "AxolotlKit-Prefix.pch"; sourceTree = "<group>"; };
		B63B2FAD197D8AFD00E09F65 /* AppDelegate.h */ = {isa = PBXFileReference; lastKnownFileType = sourcecode.c.h; path = AppDelegate.h; sourceTree = "<group>"; };
		B63B2FAE197D8AFD00E09F65 /* AppDelegate.m */ = {isa = PBXFileReference; lastKnownFileType = sourcecode.c.objc; path = AppDelegate.m; sourceTree = "<group>"; };
		B63B2FB0197D8AFD00E09F65 /* Images.xcassets */ = {isa = PBXFileReference; lastKnownFileType = folder.assetcatalog; path = Images.xcassets; sourceTree = "<group>"; };
		B63B2FB7197D8AFD00E09F65 /* XCTest.framework */ = {isa = PBXFileReference; lastKnownFileType = wrapper.framework; name = XCTest.framework; path = Library/Frameworks/XCTest.framework; sourceTree = DEVELOPER_DIR; };
		B63B2FDB197D8B9600E09F65 /* AxolotlKitTests.xctest */ = {isa = PBXFileReference; explicitFileType = wrapper.cfbundle; includeInIndex = 0; path = AxolotlKitTests.xctest; sourceTree = BUILT_PRODUCTS_DIR; };
		B63B2FE1197D8B9600E09F65 /* AxolotlKit Tests-Info.plist */ = {isa = PBXFileReference; lastKnownFileType = text.plist.xml; path = "AxolotlKit Tests-Info.plist"; sourceTree = "<group>"; };
		B63B2FE3197D8B9600E09F65 /* en */ = {isa = PBXFileReference; lastKnownFileType = text.plist.strings; name = en; path = en.lproj/InfoPlist.strings; sourceTree = "<group>"; };
		B63B2FE5197D8B9600E09F65 /* AxolotlKit_Tests.m */ = {isa = PBXFileReference; lastKnownFileType = sourcecode.c.objc; path = AxolotlKit_Tests.m; sourceTree = "<group>"; };
		B63B2FE7197D8B9600E09F65 /* AxolotlKit Tests-Prefix.pch */ = {isa = PBXFileReference; lastKnownFileType = sourcecode.c.h; path = "AxolotlKit Tests-Prefix.pch"; sourceTree = "<group>"; };
		B6481B6D197D868600D03A4D /* NSData+Base64.h */ = {isa = PBXFileReference; fileEncoding = 4; lastKnownFileType = sourcecode.c.h; name = "NSData+Base64.h"; path = "Classes/NSData+Base64.h"; sourceTree = "<group>"; };
		B6481B6E197D868600D03A4D /* NSData+Base64.m */ = {isa = PBXFileReference; fileEncoding = 4; lastKnownFileType = sourcecode.c.objc; name = "NSData+Base64.m"; path = "Classes/NSData+Base64.m"; sourceTree = "<group>"; };
		B654B03319FACCB6000458F0 /* RatchetingSessionTest.m */ = {isa = PBXFileReference; fileEncoding = 4; lastKnownFileType = sourcecode.c.objc; path = RatchetingSessionTest.m; sourceTree = "<group>"; };
		B677600A197E4CA500A09623 /* PreKeyBundle.h */ = {isa = PBXFileReference; fileEncoding = 4; lastKnownFileType = sourcecode.c.h; name = PreKeyBundle.h; path = Models/PreKeyBundle.h; sourceTree = "<group>"; };
		B677600B197E4CA500A09623 /* PreKeyBundle.m */ = {isa = PBXFileReference; fileEncoding = 4; lastKnownFileType = sourcecode.c.objc; name = PreKeyBundle.m; path = Models/PreKeyBundle.m; sourceTree = "<group>"; };
		B68034C519CEFBFF00976441 /* ChainAndIndex.h */ = {isa = PBXFileReference; fileEncoding = 4; lastKnownFileType = sourcecode.c.h; name = ChainAndIndex.h; path = Classes/Models/ChainAndIndex.h; sourceTree = "<group>"; };
		B68034C619CEFBFF00976441 /* ChainAndIndex.m */ = {isa = PBXFileReference; fileEncoding = 4; lastKnownFileType = sourcecode.c.objc; name = ChainAndIndex.m; path = Classes/Models/ChainAndIndex.m; sourceTree = "<group>"; };
		B6A3490119F1A4B4008A3E01 /* AxolotlInMemoryStore.h */ = {isa = PBXFileReference; fileEncoding = 4; lastKnownFileType = sourcecode.c.h; path = AxolotlInMemoryStore.h; sourceTree = "<group>"; };
		B6A3490219F1A4B4008A3E01 /* AxolotlInMemoryStore.m */ = {isa = PBXFileReference; fileEncoding = 4; lastKnownFileType = sourcecode.c.objc; path = AxolotlInMemoryStore.m; sourceTree = "<group>"; };
		B6B05C771980611400238B0D /* WhisperMessage.h */ = {isa = PBXFileReference; fileEncoding = 4; lastKnownFileType = sourcecode.c.h; name = WhisperMessage.h; path = Models/WhisperMessage.h; sourceTree = "<group>"; };
		B6B05C781980611400238B0D /* WhisperMessage.m */ = {isa = PBXFileReference; fileEncoding = 4; lastKnownFileType = sourcecode.c.objc; name = WhisperMessage.m; path = Models/WhisperMessage.m; sourceTree = "<group>"; };
		B6B05C7A1980612F00238B0D /* PreKeyWhisperMessage.h */ = {isa = PBXFileReference; fileEncoding = 4; lastKnownFileType = sourcecode.c.h; name = PreKeyWhisperMessage.h; path = Models/PreKeyWhisperMessage.h; sourceTree = "<group>"; };
		B6B05C7B1980612F00238B0D /* PreKeyWhisperMessage.m */ = {isa = PBXFileReference; fileEncoding = 4; lastKnownFileType = sourcecode.c.objc; name = PreKeyWhisperMessage.m; path = Models/PreKeyWhisperMessage.m; sourceTree = "<group>"; };
		B6B05C82198083B800238B0D /* AxolotlStore.h */ = {isa = PBXFileReference; fileEncoding = 4; lastKnownFileType = sourcecode.c.h; name = AxolotlStore.h; path = Models/AxolotlStore.h; sourceTree = "<group>"; };
		B6B05C8719808EE100238B0D /* SessionBuilder.h */ = {isa = PBXFileReference; fileEncoding = 4; lastKnownFileType = sourcecode.c.h; name = SessionBuilder.h; path = Classes/SessionBuilder.h; sourceTree = "<group>"; };
		B6B05C8819808EE100238B0D /* SessionBuilder.m */ = {isa = PBXFileReference; fileEncoding = 4; lastKnownFileType = sourcecode.c.objc; name = SessionBuilder.m; path = Classes/SessionBuilder.m; sourceTree = "<group>"; };
		B6B05C8C1980919000238B0D /* AxolotlExceptions.h */ = {isa = PBXFileReference; fileEncoding = 4; lastKnownFileType = sourcecode.c.h; path = AxolotlExceptions.h; sourceTree = "<group>"; };
		B6B3E63B19FD3D8A0035422D /* WhisperMessageSerialization.m */ = {isa = PBXFileReference; fileEncoding = 4; lastKnownFileType = sourcecode.c.objc; path = WhisperMessageSerialization.m; sourceTree = "<group>"; };
		B6B3E63D19FD40AF0035422D /* NSData+keyVersionByte.h */ = {isa = PBXFileReference; fileEncoding = 4; lastKnownFileType = sourcecode.c.h; path = "NSData+keyVersionByte.h"; sourceTree = "<group>"; };
		B6B3E63E19FD40AF0035422D /* NSData+keyVersionByte.m */ = {isa = PBXFileReference; fileEncoding = 4; lastKnownFileType = sourcecode.c.objc; path = "NSData+keyVersionByte.m"; sourceTree = "<group>"; };
		B6B3E64119FD5BC70035422D /* ECKeyPair+ECKeyPairTesting.h */ = {isa = PBXFileReference; fileEncoding = 4; lastKnownFileType = sourcecode.c.h; name = "ECKeyPair+ECKeyPairTesting.h"; path = "Util/ECKeyPair+ECKeyPairTesting.h"; sourceTree = "<group>"; };
		B6B3E64219FD5BC70035422D /* ECKeyPair+ECKeyPairTesting.m */ = {isa = PBXFileReference; fileEncoding = 4; lastKnownFileType = sourcecode.c.objc; name = "ECKeyPair+ECKeyPairTesting.m"; path = "Util/ECKeyPair+ECKeyPairTesting.m"; sourceTree = "<group>"; };
		B6B98F7D197D838A00B16B5E /* Info.plist */ = {isa = PBXFileReference; lastKnownFileType = text.plist.xml; path = Info.plist; sourceTree = "<group>"; };
		B6B98F96197D83DD00B16B5E /* RKCK.h */ = {isa = PBXFileReference; fileEncoding = 4; lastKnownFileType = sourcecode.c.h; path = RKCK.h; sourceTree = "<group>"; };
		B6B98F97197D83DD00B16B5E /* RKCK.m */ = {isa = PBXFileReference; fileEncoding = 4; lastKnownFileType = sourcecode.c.objc; path = RKCK.m; sourceTree = "<group>"; };
		B6B98F9A197D83DD00B16B5E /* TSDerivedSecrets.h */ = {isa = PBXFileReference; fileEncoding = 4; lastKnownFileType = sourcecode.c.h; path = TSDerivedSecrets.h; sourceTree = "<group>"; };
		B6B98F9B197D83DD00B16B5E /* TSDerivedSecrets.m */ = {isa = PBXFileReference; fileEncoding = 4; lastKnownFileType = sourcecode.c.objc; path = TSDerivedSecrets.m; sourceTree = "<group>"; };
		B6B98F9E197D83DD00B16B5E /* MessageKeys.h */ = {isa = PBXFileReference; fileEncoding = 4; lastKnownFileType = sourcecode.c.h; path = MessageKeys.h; sourceTree = "<group>"; };
		B6B98F9F197D83DD00B16B5E /* MessageKeys.m */ = {isa = PBXFileReference; fileEncoding = 4; lastKnownFileType = sourcecode.c.objc; path = MessageKeys.m; sourceTree = "<group>"; };
		B6B98FA6197D83DD00B16B5E /* SessionState.h */ = {isa = PBXFileReference; fileEncoding = 4; lastKnownFileType = sourcecode.c.h; name = SessionState.h; path = Classes/SessionState.h; sourceTree = "<group>"; };
		B6B98FA7197D83DD00B16B5E /* SessionState.m */ = {isa = PBXFileReference; fileEncoding = 4; lastKnownFileType = sourcecode.c.objc; name = SessionState.m; path = Classes/SessionState.m; sourceTree = "<group>"; };
		B6B98FBA197D83EC00B16B5E /* SessionCipher.h */ = {isa = PBXFileReference; fileEncoding = 4; lastKnownFileType = sourcecode.c.h; name = SessionCipher.h; path = ../SessionCipher.h; sourceTree = "<group>"; };
		B6B98FBB197D83EC00B16B5E /* SessionCipher.m */ = {isa = PBXFileReference; fileEncoding = 4; lastKnownFileType = sourcecode.c.objc; name = SessionCipher.m; path = ../SessionCipher.m; sourceTree = "<group>"; };
		B6BB8C3419F7E773008A5895 /* SessionBuilderTests.m */ = {isa = PBXFileReference; fileEncoding = 4; lastKnownFileType = sourcecode.c.objc; path = SessionBuilderTests.m; sourceTree = "<group>"; };
		B6CBA86919EC805200CF915B /* WhisperTextProtocol.pb.h */ = {isa = PBXFileReference; fileEncoding = 4; lastKnownFileType = sourcecode.c.h; name = WhisperTextProtocol.pb.h; path = AxolotlKit/Protobuffs/WhisperTextProtocol.pb.h; sourceTree = SOURCE_ROOT; };
		B6CBA86A19EC805200CF915B /* WhisperTextProtocol.pb.m */ = {isa = PBXFileReference; fileEncoding = 4; lastKnownFileType = sourcecode.c.objc; name = WhisperTextProtocol.pb.m; path = AxolotlKit/Protobuffs/WhisperTextProtocol.pb.m; sourceTree = SOURCE_ROOT; };
		B6CBA86F19EC87D400CF915B /* Constants.h */ = {isa = PBXFileReference; fileEncoding = 4; lastKnownFileType = sourcecode.c.h; name = Constants.h; path = ../Constants.h; sourceTree = "<group>"; };
		B6CC3F8319FDA000004CAA8A /* CipherMessage.h */ = {isa = PBXFileReference; fileEncoding = 4; lastKnownFileType = sourcecode.c.h; name = CipherMessage.h; path = Models/CipherMessage.h; sourceTree = "<group>"; };
		B6CC3F8419FDA46F004CAA8A /* SerializationUtilities.h */ = {isa = PBXFileReference; fileEncoding = 4; lastKnownFileType = sourcecode.c.h; name = SerializationUtilities.h; path = Utility/SerializationUtilities.h; sourceTree = "<group>"; };
		B6CC3F8519FDA46F004CAA8A /* SerializationUtilities.m */ = {isa = PBXFileReference; fileEncoding = 4; lastKnownFileType = sourcecode.c.objc; name = SerializationUtilities.m; path = Utility/SerializationUtilities.m; sourceTree = "<group>"; };
		B6D41A2219DB4F8E00EE9BAA /* SessionCipherTest.m */ = {isa = PBXFileReference; fileEncoding = 4; lastKnownFileType = sourcecode.c.objc; path = SessionCipherTest.m; sourceTree = "<group>"; };
		B6D51DF01984BE9300A25F87 /* SignedPrekeyRecord.h */ = {isa = PBXFileReference; fileEncoding = 4; lastKnownFileType = sourcecode.c.h; path = SignedPrekeyRecord.h; sourceTree = "<group>"; };
		B6D51DF11984BE9300A25F87 /* SignedPrekeyRecord.m */ = {isa = PBXFileReference; fileEncoding = 4; lastKnownFileType = sourcecode.c.objc; path = SignedPrekeyRecord.m; sourceTree = "<group>"; };
		B6D51DF31984C0C500A25F87 /* PreKeyRecord.h */ = {isa = PBXFileReference; fileEncoding = 4; lastKnownFileType = sourcecode.c.h; name = PreKeyRecord.h; path = ../PreKeyRecord.h; sourceTree = "<group>"; };
		B6D51DF41984C0C500A25F87 /* PreKeyRecord.m */ = {isa = PBXFileReference; fileEncoding = 4; lastKnownFileType = sourcecode.c.objc; name = PreKeyRecord.m; path = ../PreKeyRecord.m; sourceTree = "<group>"; };
		B6E37ADF19CF107C00E619CA /* ECCTests.m */ = {isa = PBXFileReference; fileEncoding = 4; lastKnownFileType = sourcecode.c.objc; path = ECCTests.m; sourceTree = "<group>"; };
		B6F34EAE197EDDB500B64572 /* AES-CBC.h */ = {isa = PBXFileReference; fileEncoding = 4; lastKnownFileType = sourcecode.c.h; name = "AES-CBC.h"; path = "Classes/AES-CBC.h"; sourceTree = "<group>"; };
		B6F34EAF197EDDB500B64572 /* AES-CBC.m */ = {isa = PBXFileReference; fileEncoding = 4; lastKnownFileType = sourcecode.c.objc; name = "AES-CBC.m"; path = "Classes/AES-CBC.m"; sourceTree = "<group>"; };
		B6F77FB519B64A9400EE3F13 /* SendingChain.h */ = {isa = PBXFileReference; fileEncoding = 4; lastKnownFileType = sourcecode.c.h; name = SendingChain.h; path = Classes/SendingChain.h; sourceTree = "<group>"; };
		B6F77FB619B64A9400EE3F13 /* SendingChain.m */ = {isa = PBXFileReference; fileEncoding = 4; lastKnownFileType = sourcecode.c.objc; name = SendingChain.m; path = Classes/SendingChain.m; sourceTree = "<group>"; };
		B6F77FB819B64AB300EE3F13 /* ReceivingChain.h */ = {isa = PBXFileReference; fileEncoding = 4; lastKnownFileType = sourcecode.c.h; name = ReceivingChain.h; path = Classes/ReceivingChain.h; sourceTree = "<group>"; };
		B6F77FB919B64AB300EE3F13 /* ReceivingChain.m */ = {isa = PBXFileReference; fileEncoding = 4; lastKnownFileType = sourcecode.c.objc; name = ReceivingChain.m; path = Classes/ReceivingChain.m; sourceTree = "<group>"; };
		B6F77FBC19B64B6000EE3F13 /* Chain.h */ = {isa = PBXFileReference; fileEncoding = 4; lastKnownFileType = sourcecode.c.h; path = Chain.h; sourceTree = "<group>"; };
		B6FF6BC019ACC3F000E3C675 /* ChainKey.h */ = {isa = PBXFileReference; fileEncoding = 4; lastKnownFileType = sourcecode.c.h; name = ChainKey.h; path = Classes/Models/ChainKey.h; sourceTree = "<group>"; };
		B6FF6BC119ACC3F000E3C675 /* ChainKey.m */ = {isa = PBXFileReference; fileEncoding = 4; lastKnownFileType = sourcecode.c.objc; name = ChainKey.m; path = Classes/Models/ChainKey.m; sourceTree = "<group>"; };
		C47E7DDC756D06556C4541B0 /* Pods.debug.xcconfig */ = {isa = PBXFileReference; includeInIndex = 1; lastKnownFileType = text.xcconfig; name = Pods.debug.xcconfig; path = "Pods/Target Support Files/Pods/Pods.debug.xcconfig"; sourceTree = "<group>"; };
		F1351BCBFEF67F0F64D4C98C /* Pods.release.xcconfig */ = {isa = PBXFileReference; includeInIndex = 1; lastKnownFileType = text.xcconfig; name = Pods.release.xcconfig; path = "Pods/Target Support Files/Pods/Pods.release.xcconfig"; sourceTree = "<group>"; };
/* End PBXFileReference section */

/* Begin PBXFrameworksBuildPhase section */
		B63B2F9A197D8AFD00E09F65 /* Frameworks */ = {
			isa = PBXFrameworksBuildPhase;
			buildActionMask = 2147483647;
			files = (
				B63B2FA1197D8AFD00E09F65 /* CoreGraphics.framework in Frameworks */,
				B63B2FA3197D8AFD00E09F65 /* UIKit.framework in Frameworks */,
				B63B2F9F197D8AFD00E09F65 /* Foundation.framework in Frameworks */,
				30BDB6D632952E18074FD70B /* libPods.a in Frameworks */,
			);
			runOnlyForDeploymentPostprocessing = 0;
		};
		B63B2FD8197D8B9600E09F65 /* Frameworks */ = {
			isa = PBXFrameworksBuildPhase;
			buildActionMask = 2147483647;
			files = (
				B63B2FDC197D8B9600E09F65 /* XCTest.framework in Frameworks */,
				B63B2FDE197D8B9600E09F65 /* UIKit.framework in Frameworks */,
				B63B2FDD197D8B9600E09F65 /* Foundation.framework in Frameworks */,
				719C4E40588B7AD1F1DD22FC /* libPods.a in Frameworks */,
			);
			runOnlyForDeploymentPostprocessing = 0;
		};
/* End PBXFrameworksBuildPhase section */

/* Begin PBXGroup section */
		A616BD9DC39D4B7BBBA02F80 /* Frameworks */ = {
			isa = PBXGroup;
			children = (
				B63B2F9E197D8AFD00E09F65 /* Foundation.framework */,
				B63B2FA0197D8AFD00E09F65 /* CoreGraphics.framework */,
				B63B2FA2197D8AFD00E09F65 /* UIKit.framework */,
				B63B2FB7197D8AFD00E09F65 /* XCTest.framework */,
				AD9F87ECA041E727CC457415 /* libPods.a */,
			);
			name = Frameworks;
			sourceTree = "<group>";
		};
		B60978AC197D8D5400DB3828 /* Model */ = {
			isa = PBXGroup;
			children = (
				B6B05C76198060E900238B0D /* CipherMessage */,
				B610BA70197FAC4800DDC97D /* AxoltolKeys */,
				B610BA6C197F9D1D00DDC97D /* AxolotlParameters.h */,
				B611CB6319844D8500FC54DA /* AliceAxolotlParameters.h */,
				B611CB6419844D8500FC54DA /* AliceAxolotlParameters.m */,
				B611CB6619844E7C00FC54DA /* BobAxolotlParameters.h */,
				B611CB6719844E7C00FC54DA /* BobAxolotlParameters.m */,
			);
			name = Model;
			sourceTree = "<group>";
		};
		B610BA70197FAC4800DDC97D /* AxoltolKeys */ = {
			isa = PBXGroup;
			children = (
				B6B98F9E197D83DD00B16B5E /* MessageKeys.h */,
				B6B98F9F197D83DD00B16B5E /* MessageKeys.m */,
				B610BA71197FAC6500DDC97D /* RootKey.h */,
				B610BA72197FAC6500DDC97D /* RootKey.m */,
				B6B98F96197D83DD00B16B5E /* RKCK.h */,
				B6B98F97197D83DD00B16B5E /* RKCK.m */,
			);
			name = AxoltolKeys;
			sourceTree = "<group>";
		};
		B619AF1219FC147500E33198 /* Protobuffs */ = {
			isa = PBXGroup;
			children = (
				B6B3E63B19FD3D8A0035422D /* WhisperMessageSerialization.m */,
				B619AF1319FC148D00E33198 /* ProtobuffsTests.m */,
			);
			name = Protobuffs;
			sourceTree = "<group>";
		};
		B61E841719D172BC004FC382 /* ECC */ = {
			isa = PBXGroup;
			children = (
				B6E37ADF19CF107C00E619CA /* ECCTests.m */,
			);
			name = ECC;
			sourceTree = "<group>";
		};
		B61E841819D176D7004FC382 /* HKDF */ = {
			isa = PBXGroup;
			children = (
				B61E841C19D1780D004FC382 /* HKDFTest.m */,
			);
			name = HKDF;
			sourceTree = "<group>";
		};
		B61E841F19D1813A004FC382 /* Ratchet */ = {
			isa = PBXGroup;
			children = (
				B6D41A2219DB4F8E00EE9BAA /* SessionCipherTest.m */,
				B654B03319FACCB6000458F0 /* RatchetingSessionTest.m */,
			);
			name = Ratchet;
			sourceTree = "<group>";
		};
		B62F96B719EAA81A004CA958 /* State */ = {
			isa = PBXGroup;
			children = (
				B6B05C82198083B800238B0D /* AxolotlStore.h */,
				B62F96B819EAA881004CA958 /* IdentityKeyStore.h */,
				B62F96BA19EAA8F5004CA958 /* PreKeyStore.h */,
				B62F96B419EAA7A7004CA958 /* SessionStore.h */,
				B62F96B919EAA8C5004CA958 /* SignedPreKeyStore.h */,
			);
			name = State;
			sourceTree = "<group>";
		};
		B63B2FA4197D8AFD00E09F65 /* AxolotlKit App */ = {
			isa = PBXGroup;
			children = (
				B63B2FAD197D8AFD00E09F65 /* AppDelegate.h */,
				B63B2FAE197D8AFD00E09F65 /* AppDelegate.m */,
				B63B2FB0197D8AFD00E09F65 /* Images.xcassets */,
				B63B2FA5197D8AFD00E09F65 /* Supporting Files */,
			);
			name = "AxolotlKit App";
			path = AxolotlKit;
			sourceTree = "<group>";
		};
		B63B2FA5197D8AFD00E09F65 /* Supporting Files */ = {
			isa = PBXGroup;
			children = (
				B63B2FA6197D8AFD00E09F65 /* AxolotlKit-Info.plist */,
				B63B2FA7197D8AFD00E09F65 /* InfoPlist.strings */,
				B63B2FAA197D8AFD00E09F65 /* main.m */,
				B63B2FAC197D8AFD00E09F65 /* AxolotlKit-Prefix.pch */,
			);
			name = "Supporting Files";
			sourceTree = "<group>";
		};
		B63B2FDF197D8B9600E09F65 /* AxolotlKit Tests */ = {
			isa = PBXGroup;
			children = (
				B619AF1219FC147500E33198 /* Protobuffs */,
				B61E841719D172BC004FC382 /* ECC */,
				B61E841819D176D7004FC382 /* HKDF */,
				B61E841F19D1813A004FC382 /* Ratchet */,
				B63B2FE5197D8B9600E09F65 /* AxolotlKit_Tests.m */,
				B63B2FE0197D8B9600E09F65 /* Supporting Files */,
				B6B3E64019FD5B0D0035422D /* Util */,
				B6BB8C3419F7E773008A5895 /* SessionBuilderTests.m */,
			);
			path = "AxolotlKit Tests";
			sourceTree = "<group>";
		};
		B63B2FE0197D8B9600E09F65 /* Supporting Files */ = {
			isa = PBXGroup;
			children = (
				B63B2FE1197D8B9600E09F65 /* AxolotlKit Tests-Info.plist */,
				B63B2FE2197D8B9600E09F65 /* InfoPlist.strings */,
				B63B2FE7197D8B9600E09F65 /* AxolotlKit Tests-Prefix.pch */,
			);
			name = "Supporting Files";
			sourceTree = "<group>";
		};
		B6481B6C197D867500D03A4D /* Utility */ = {
			isa = PBXGroup;
			children = (
				B6CC3F8419FDA46F004CAA8A /* SerializationUtilities.h */,
				B6CC3F8519FDA46F004CAA8A /* SerializationUtilities.m */,
				B6B3E63D19FD40AF0035422D /* NSData+keyVersionByte.h */,
				B6B3E63E19FD40AF0035422D /* NSData+keyVersionByte.m */,
				B6481B6D197D868600D03A4D /* NSData+Base64.h */,
				B6481B6E197D868600D03A4D /* NSData+Base64.m */,
			);
			name = Utility;
			sourceTree = "<group>";
		};
		B6986736197F4D550038A6C1 /* Cryptography */ = {
			isa = PBXGroup;
			children = (
				B6F34EAE197EDDB500B64572 /* AES-CBC.h */,
				B6F34EAF197EDDB500B64572 /* AES-CBC.m */,
			);
			name = Cryptography;
			sourceTree = "<group>";
		};
		B6B05C76198060E900238B0D /* CipherMessage */ = {
			isa = PBXGroup;
			children = (
				B6CC3F8319FDA000004CAA8A /* CipherMessage.h */,
				B6B05C7A1980612F00238B0D /* PreKeyWhisperMessage.h */,
				B6B05C7B1980612F00238B0D /* PreKeyWhisperMessage.m */,
				B6B05C771980611400238B0D /* WhisperMessage.h */,
				B6B05C781980611400238B0D /* WhisperMessage.m */,
			);
			name = CipherMessage;
			sourceTree = "<group>";
		};
		B6B05C81198082BA00238B0D /* Sessions */ = {
			isa = PBXGroup;
			children = (
				B6F77FBB19B64B3300EE3F13 /* Chains */,
				B6B98FA6197D83DD00B16B5E /* SessionState.h */,
				B6B98FA7197D83DD00B16B5E /* SessionState.m */,
				B6B05C8719808EE100238B0D /* SessionBuilder.h */,
				B6B05C8819808EE100238B0D /* SessionBuilder.m */,
				B611CB6019844A5600FC54DA /* RatchetingSession.h */,
				B611CB6119844A5600FC54DA /* RatchetingSession.m */,
				B61B6837198352570047EF87 /* SessionRecord.h */,
				B61B6838198352570047EF87 /* SessionRecord.m */,
			);
			name = Sessions;
			path = ..;
			sourceTree = "<group>";
		};
		B6B05C8A19808F6600238B0D /* Prekey */ = {
			isa = PBXGroup;
			children = (
				B677600A197E4CA500A09623 /* PreKeyBundle.h */,
				B677600B197E4CA500A09623 /* PreKeyBundle.m */,
				B6D51DF31984C0C500A25F87 /* PreKeyRecord.h */,
				B6D51DF41984C0C500A25F87 /* PreKeyRecord.m */,
				B6D51DF01984BE9300A25F87 /* SignedPrekeyRecord.h */,
				B6D51DF11984BE9300A25F87 /* SignedPrekeyRecord.m */,
			);
			name = Prekey;
			sourceTree = "<group>";
		};
		B6B3E64019FD5B0D0035422D /* Util */ = {
			isa = PBXGroup;
			children = (
				B6B3E64119FD5BC70035422D /* ECKeyPair+ECKeyPairTesting.h */,
				B6B3E64219FD5BC70035422D /* ECKeyPair+ECKeyPairTesting.m */,
				B6A3490119F1A4B4008A3E01 /* AxolotlInMemoryStore.h */,
				B6A3490219F1A4B4008A3E01 /* AxolotlInMemoryStore.m */,
			);
			name = Util;
			sourceTree = "<group>";
		};
		B6B98F6F197D838A00B16B5E = {
			isa = PBXGroup;
			children = (
				B63B2FA4197D8AFD00E09F65 /* AxolotlKit App */,
				B6B98F7B197D838A00B16B5E /* AxolotlKit */,
				B63B2FDF197D8B9600E09F65 /* AxolotlKit Tests */,
				B6B98F7A197D838A00B16B5E /* Products */,
				A616BD9DC39D4B7BBBA02F80 /* Frameworks */,
				F56DC7A75D226F3057DF227B /* Pods */,
			);
			sourceTree = "<group>";
		};
		B6B98F7A197D838A00B16B5E /* Products */ = {
			isa = PBXGroup;
			children = (
				B63B2F9D197D8AFD00E09F65 /* AxolotlKit.app */,
				B63B2FDB197D8B9600E09F65 /* AxolotlKitTests.xctest */,
			);
			name = Products;
			sourceTree = "<group>";
		};
		B6B98F7B197D838A00B16B5E /* AxolotlKit */ = {
			isa = PBXGroup;
			children = (
				B6986736197F4D550038A6C1 /* Cryptography */,
				B6B98F95197D83DD00B16B5E /* Classes */,
				B6481B6C197D867500D03A4D /* Utility */,
				B6B98F7C197D838A00B16B5E /* Supporting Files */,
			);
			path = AxolotlKit;
			sourceTree = "<group>";
		};
		B6B98F7C197D838A00B16B5E /* Supporting Files */ = {
			isa = PBXGroup;
			children = (
				B6B98F7D197D838A00B16B5E /* Info.plist */,
			);
			name = "Supporting Files";
			sourceTree = "<group>";
		};
		B6B98F95197D83DD00B16B5E /* Classes */ = {
			isa = PBXGroup;
			children = (
				B6CBA86F19EC87D400CF915B /* Constants.h */,
				B6B98FBA197D83EC00B16B5E /* SessionCipher.h */,
				B6B98FBB197D83EC00B16B5E /* SessionCipher.m */,
				B6B05C8A19808F6600238B0D /* Prekey */,
				B6B05C81198082BA00238B0D /* Sessions */,
				B60978AC197D8D5400DB3828 /* Model */,
				B6CC3F8219FD9EA6004CAA8A /* Protocol Buffers */,
				B6B98F9A197D83DD00B16B5E /* TSDerivedSecrets.h */,
				B6B98F9B197D83DD00B16B5E /* TSDerivedSecrets.m */,
				B6B05C8C1980919000238B0D /* AxolotlExceptions.h */,
				B62F96B719EAA81A004CA958 /* State */,
			);
			path = Classes;
			sourceTree = "<group>";
		};
		B6CC3F8219FD9EA6004CAA8A /* Protocol Buffers */ = {
			isa = PBXGroup;
			children = (
				B6CBA86919EC805200CF915B /* WhisperTextProtocol.pb.h */,
				B6CBA86A19EC805200CF915B /* WhisperTextProtocol.pb.m */,
			);
			name = "Protocol Buffers";
			sourceTree = "<group>";
		};
		B6F77FBB19B64B3300EE3F13 /* Chains */ = {
			isa = PBXGroup;
			children = (
				B6F77FBC19B64B6000EE3F13 /* Chain.h */,
				B68034C519CEFBFF00976441 /* ChainAndIndex.h */,
				B68034C619CEFBFF00976441 /* ChainAndIndex.m */,
				B6FF6BC019ACC3F000E3C675 /* ChainKey.h */,
				B6FF6BC119ACC3F000E3C675 /* ChainKey.m */,
				B6F77FB519B64A9400EE3F13 /* SendingChain.h */,
				B6F77FB619B64A9400EE3F13 /* SendingChain.m */,
				B6F77FB819B64AB300EE3F13 /* ReceivingChain.h */,
				B6F77FB919B64AB300EE3F13 /* ReceivingChain.m */,
			);
			name = Chains;
			sourceTree = "<group>";
		};
		F56DC7A75D226F3057DF227B /* Pods */ = {
			isa = PBXGroup;
			children = (
				C47E7DDC756D06556C4541B0 /* Pods.debug.xcconfig */,
				F1351BCBFEF67F0F64D4C98C /* Pods.release.xcconfig */,
			);
			name = Pods;
			sourceTree = "<group>";
		};
/* End PBXGroup section */

/* Begin PBXNativeTarget section */
		B63B2F9C197D8AFD00E09F65 /* AxolotlKit */ = {
			isa = PBXNativeTarget;
			buildConfigurationList = B63B2FC5197D8AFE00E09F65 /* Build configuration list for PBXNativeTarget "AxolotlKit" */;
			buildPhases = (
				2873D560FFC1302C095EDD03 /* Check Pods Manifest.lock */,
				B63B2F99197D8AFD00E09F65 /* Sources */,
				B63B2F9A197D8AFD00E09F65 /* Frameworks */,
				B63B2F9B197D8AFD00E09F65 /* Resources */,
				9C925C121D5B8E571ED994DC /* Copy Pods Resources */,
			);
			buildRules = (
			);
			dependencies = (
			);
			name = AxolotlKit;
			productName = AxolotlKit;
			productReference = B63B2F9D197D8AFD00E09F65 /* AxolotlKit.app */;
			productType = "com.apple.product-type.application";
		};
		B63B2FDA197D8B9600E09F65 /* AxolotlKitTests */ = {
			isa = PBXNativeTarget;
			buildConfigurationList = B63B2FEA197D8B9600E09F65 /* Build configuration list for PBXNativeTarget "AxolotlKitTests" */;
			buildPhases = (
				99597A930ADDD17377AADBA4 /* Check Pods Manifest.lock */,
				B63B2FD7197D8B9600E09F65 /* Sources */,
				B63B2FD8197D8B9600E09F65 /* Frameworks */,
				B63B2FD9197D8B9600E09F65 /* Resources */,
				A51F70DA7E9DF4FF44373955 /* Copy Pods Resources */,
			);
			buildRules = (
			);
			dependencies = (
				B63B2FE9197D8B9600E09F65 /* PBXTargetDependency */,
			);
			name = AxolotlKitTests;
			productName = "AxolotlKit Tests";
			productReference = B63B2FDB197D8B9600E09F65 /* AxolotlKitTests.xctest */;
			productType = "com.apple.product-type.bundle.unit-test";
		};
/* End PBXNativeTarget section */

/* Begin PBXProject section */
		B6B98F70197D838A00B16B5E /* Project object */ = {
			isa = PBXProject;
			attributes = {
				LastUpgradeCheck = 0600;
				ORGANIZATIONNAME = "Frederic Jacobs";
				TargetAttributes = {
					B63B2FDA197D8B9600E09F65 = {
						TestTargetID = B63B2F9C197D8AFD00E09F65;
					};
				};
			};
			buildConfigurationList = B6B98F73197D838A00B16B5E /* Build configuration list for PBXProject "AxolotlKit" */;
			compatibilityVersion = "Xcode 3.2";
			developmentRegion = English;
			hasScannedForEncodings = 0;
			knownRegions = (
				en,
			);
			mainGroup = B6B98F6F197D838A00B16B5E;
			productRefGroup = B6B98F7A197D838A00B16B5E /* Products */;
			projectDirPath = "";
			projectRoot = "";
			targets = (
				B63B2F9C197D8AFD00E09F65 /* AxolotlKit */,
				B63B2FDA197D8B9600E09F65 /* AxolotlKitTests */,
			);
		};
/* End PBXProject section */

/* Begin PBXResourcesBuildPhase section */
		B63B2F9B197D8AFD00E09F65 /* Resources */ = {
			isa = PBXResourcesBuildPhase;
			buildActionMask = 2147483647;
			files = (
				B63B2FA9197D8AFD00E09F65 /* InfoPlist.strings in Resources */,
				B63B2FB1197D8AFD00E09F65 /* Images.xcassets in Resources */,
			);
			runOnlyForDeploymentPostprocessing = 0;
		};
		B63B2FD9197D8B9600E09F65 /* Resources */ = {
			isa = PBXResourcesBuildPhase;
			buildActionMask = 2147483647;
			files = (
				B63B2FE4197D8B9600E09F65 /* InfoPlist.strings in Resources */,
			);
			runOnlyForDeploymentPostprocessing = 0;
		};
/* End PBXResourcesBuildPhase section */

/* Begin PBXShellScriptBuildPhase section */
		2873D560FFC1302C095EDD03 /* Check Pods Manifest.lock */ = {
			isa = PBXShellScriptBuildPhase;
			buildActionMask = 2147483647;
			files = (
			);
			inputPaths = (
			);
			name = "Check Pods Manifest.lock";
			outputPaths = (
			);
			runOnlyForDeploymentPostprocessing = 0;
			shellPath = /bin/sh;
			shellScript = "diff \"${PODS_ROOT}/../Podfile.lock\" \"${PODS_ROOT}/Manifest.lock\" > /dev/null\nif [[ $? != 0 ]] ; then\n    cat << EOM\nerror: The sandbox is not in sync with the Podfile.lock. Run 'pod install' or update your CocoaPods installation.\nEOM\n    exit 1\nfi\n";
			showEnvVarsInLog = 0;
		};
		99597A930ADDD17377AADBA4 /* Check Pods Manifest.lock */ = {
			isa = PBXShellScriptBuildPhase;
			buildActionMask = 2147483647;
			files = (
			);
			inputPaths = (
			);
			name = "Check Pods Manifest.lock";
			outputPaths = (
			);
			runOnlyForDeploymentPostprocessing = 0;
			shellPath = /bin/sh;
			shellScript = "diff \"${PODS_ROOT}/../Podfile.lock\" \"${PODS_ROOT}/Manifest.lock\" > /dev/null\nif [[ $? != 0 ]] ; then\n    cat << EOM\nerror: The sandbox is not in sync with the Podfile.lock. Run 'pod install' or update your CocoaPods installation.\nEOM\n    exit 1\nfi\n";
			showEnvVarsInLog = 0;
		};
		9C925C121D5B8E571ED994DC /* Copy Pods Resources */ = {
			isa = PBXShellScriptBuildPhase;
			buildActionMask = 2147483647;
			files = (
			);
			inputPaths = (
			);
			name = "Copy Pods Resources";
			outputPaths = (
			);
			runOnlyForDeploymentPostprocessing = 0;
			shellPath = /bin/sh;
			shellScript = "\"${SRCROOT}/Pods/Target Support Files/Pods/Pods-resources.sh\"\n";
			showEnvVarsInLog = 0;
		};
		A51F70DA7E9DF4FF44373955 /* Copy Pods Resources */ = {
			isa = PBXShellScriptBuildPhase;
			buildActionMask = 2147483647;
			files = (
			);
			inputPaths = (
			);
			name = "Copy Pods Resources";
			outputPaths = (
			);
			runOnlyForDeploymentPostprocessing = 0;
			shellPath = /bin/sh;
			shellScript = "\"${SRCROOT}/Pods/Target Support Files/Pods/Pods-resources.sh\"\n";
			showEnvVarsInLog = 0;
		};
/* End PBXShellScriptBuildPhase section */

/* Begin PBXSourcesBuildPhase section */
		B63B2F99197D8AFD00E09F65 /* Sources */ = {
			isa = PBXSourcesBuildPhase;
			buildActionMask = 2147483647;
			files = (
				B60978AF197D9AD200DB3828 /* RKCK.m in Sources */,
				B610BA73197FAC6500DDC97D /* RootKey.m in Sources */,
				B611CB6819844E7C00FC54DA /* BobAxolotlParameters.m in Sources */,
				B60978B1197D9AD200DB3828 /* TSDerivedSecrets.m in Sources */,
				B611CB6519844D8500FC54DA /* AliceAxolotlParameters.m in Sources */,
				B6B3E64319FD5BC70035422D /* ECKeyPair+ECKeyPairTesting.m in Sources */,
				B6D51DF51984C0C500A25F87 /* PreKeyRecord.m in Sources */,
				B6B05C7C1980612F00238B0D /* PreKeyWhisperMessage.m in Sources */,
				B6FF6BC219ACC3F000E3C675 /* ChainKey.m in Sources */,
				B611CB6219844A5600FC54DA /* RatchetingSession.m in Sources */,
				B6F34EB0197EDDB500B64572 /* AES-CBC.m in Sources */,
				B60978B3197D9AD200DB3828 /* MessageKeys.m in Sources */,
				B6D51DF21984BE9300A25F87 /* SignedPrekeyRecord.m in Sources */,
				B61B6839198352570047EF87 /* SessionRecord.m in Sources */,
				B68034C719CEFBFF00976441 /* ChainAndIndex.m in Sources */,
				B677600C197E4CA500A09623 /* PreKeyBundle.m in Sources */,
				B6F77FBA19B64AB300EE3F13 /* ReceivingChain.m in Sources */,
				B6CC3F8619FDA46F004CAA8A /* SerializationUtilities.m in Sources */,
				B6B05C791980611400238B0D /* WhisperMessage.m in Sources */,
				B6B3E63F19FD40AF0035422D /* NSData+keyVersionByte.m in Sources */,
				B60978B7197D9AD200DB3828 /* SessionState.m in Sources */,
				B60978B9197D9AD200DB3828 /* NSData+Base64.m in Sources */,
				B63B2FAF197D8AFD00E09F65 /* AppDelegate.m in Sources */,
				B6F77FB719B64A9400EE3F13 /* SendingChain.m in Sources */,
				B63B2FAB197D8AFD00E09F65 /* main.m in Sources */,
				B6CBA86B19EC805200CF915B /* WhisperTextProtocol.pb.m in Sources */,
				B60978AE197D9ABF00DB3828 /* SessionCipher.m in Sources */,
				B6B05C8919808EE100238B0D /* SessionBuilder.m in Sources */,
			);
			runOnlyForDeploymentPostprocessing = 0;
		};
		B63B2FD7197D8B9600E09F65 /* Sources */ = {
			isa = PBXSourcesBuildPhase;
			buildActionMask = 2147483647;
			files = (
				B6B3E64419FD5C8E0035422D /* ECKeyPair+ECKeyPairTesting.m in Sources */,
				B61E841E19D17C33004FC382 /* HKDFTest.m in Sources */,
				B619AF1419FC148D00E33198 /* ProtobuffsTests.m in Sources */,
				B6D41A2319DB4F8E00EE9BAA /* SessionCipherTest.m in Sources */,
				B6A3490319F1A4B4008A3E01 /* AxolotlInMemoryStore.m in Sources */,
				B63B2FE6197D8B9600E09F65 /* AxolotlKit_Tests.m in Sources */,
				B654B03419FACCB6000458F0 /* RatchetingSessionTest.m in Sources */,
				B6BB8C3519F7E773008A5895 /* SessionBuilderTests.m in Sources */,
				B6E37AE019CF107C00E619CA /* ECCTests.m in Sources */,
				B6B3E63C19FD3D8A0035422D /* WhisperMessageSerialization.m in Sources */,
			);
			runOnlyForDeploymentPostprocessing = 0;
		};
/* End PBXSourcesBuildPhase section */

/* Begin PBXTargetDependency section */
		B63B2FE9197D8B9600E09F65 /* PBXTargetDependency */ = {
			isa = PBXTargetDependency;
			target = B63B2F9C197D8AFD00E09F65 /* AxolotlKit */;
			targetProxy = B63B2FE8197D8B9600E09F65 /* PBXContainerItemProxy */;
		};
/* End PBXTargetDependency section */

/* Begin PBXVariantGroup section */
		B63B2FA7197D8AFD00E09F65 /* InfoPlist.strings */ = {
			isa = PBXVariantGroup;
			children = (
				B63B2FA8197D8AFD00E09F65 /* en */,
			);
			name = InfoPlist.strings;
			sourceTree = "<group>";
		};
		B63B2FE2197D8B9600E09F65 /* InfoPlist.strings */ = {
			isa = PBXVariantGroup;
			children = (
				B63B2FE3197D8B9600E09F65 /* en */,
			);
			name = InfoPlist.strings;
			sourceTree = "<group>";
		};
/* End PBXVariantGroup section */

/* Begin XCBuildConfiguration section */
		B63B2FC6197D8AFE00E09F65 /* Debug */ = {
			isa = XCBuildConfiguration;
			baseConfigurationReference = C47E7DDC756D06556C4541B0 /* Pods.debug.xcconfig */;
			buildSettings = {
				ASSETCATALOG_COMPILER_APPICON_NAME = AppIcon;
				ASSETCATALOG_COMPILER_LAUNCHIMAGE_NAME = LaunchImage;
				GCC_PRECOMPILE_PREFIX_HEADER = YES;
				GCC_PREFIX_HEADER = "AxolotlKit/AxolotlKit-Prefix.pch";
				GCC_PREPROCESSOR_DEFINITIONS = (
					"DEBUG=1",
					"$(inherited)",
				);
				INFOPLIST_FILE = "AxolotlKit/AxolotlKit-Info.plist";
				PRODUCT_NAME = "$(TARGET_NAME)";
				WRAPPER_EXTENSION = app;
			};
			name = Debug;
		};
		B63B2FC7197D8AFE00E09F65 /* Release */ = {
			isa = XCBuildConfiguration;
			baseConfigurationReference = F1351BCBFEF67F0F64D4C98C /* Pods.release.xcconfig */;
			buildSettings = {
				ASSETCATALOG_COMPILER_APPICON_NAME = AppIcon;
				ASSETCATALOG_COMPILER_LAUNCHIMAGE_NAME = LaunchImage;
				GCC_PRECOMPILE_PREFIX_HEADER = YES;
				GCC_PREFIX_HEADER = "AxolotlKit/AxolotlKit-Prefix.pch";
				INFOPLIST_FILE = "AxolotlKit/AxolotlKit-Info.plist";
				PRODUCT_NAME = "$(TARGET_NAME)";
				WRAPPER_EXTENSION = app;
			};
			name = Release;
		};
		B63B2FEB197D8B9600E09F65 /* Debug */ = {
			isa = XCBuildConfiguration;
			baseConfigurationReference = C47E7DDC756D06556C4541B0 /* Pods.debug.xcconfig */;
			buildSettings = {
				BUNDLE_LOADER = "$(BUILT_PRODUCTS_DIR)/AxolotlKit.app/AxolotlKit";
				FRAMEWORK_SEARCH_PATHS = (
					"$(SDKROOT)/Developer/Library/Frameworks",
					"$(inherited)",
					"$(DEVELOPER_FRAMEWORKS_DIR)",
				);
				GCC_PRECOMPILE_PREFIX_HEADER = YES;
				GCC_PREFIX_HEADER = "AxolotlKit Tests/AxolotlKit Tests-Prefix.pch";
				GCC_PREPROCESSOR_DEFINITIONS = (
					"DEBUG=1",
					"$(inherited)",
				);
				INFOPLIST_FILE = "AxolotlKit Tests/AxolotlKit Tests-Info.plist";
				PRODUCT_NAME = "$(TARGET_NAME)";
				TEST_HOST = "$(BUNDLE_LOADER)";
				WRAPPER_EXTENSION = xctest;
			};
			name = Debug;
		};
		B63B2FEC197D8B9600E09F65 /* Release */ = {
			isa = XCBuildConfiguration;
			baseConfigurationReference = F1351BCBFEF67F0F64D4C98C /* Pods.release.xcconfig */;
			buildSettings = {
				BUNDLE_LOADER = "$(BUILT_PRODUCTS_DIR)/AxolotlKit.app/AxolotlKit";
				FRAMEWORK_SEARCH_PATHS = (
					"$(SDKROOT)/Developer/Library/Frameworks",
					"$(inherited)",
					"$(DEVELOPER_FRAMEWORKS_DIR)",
				);
				GCC_PRECOMPILE_PREFIX_HEADER = YES;
				GCC_PREFIX_HEADER = "AxolotlKit Tests/AxolotlKit Tests-Prefix.pch";
				INFOPLIST_FILE = "AxolotlKit Tests/AxolotlKit Tests-Info.plist";
				PRODUCT_NAME = "$(TARGET_NAME)";
				TEST_HOST = "$(BUNDLE_LOADER)";
				WRAPPER_EXTENSION = xctest;
			};
			name = Release;
		};
		B6B98F8D197D838A00B16B5E /* Debug */ = {
			isa = XCBuildConfiguration;
			baseConfigurationReference = C47E7DDC756D06556C4541B0 /* Pods.debug.xcconfig */;
			buildSettings = {
				ALWAYS_SEARCH_USER_PATHS = NO;
				CLANG_CXX_LANGUAGE_STANDARD = "gnu++0x";
				CLANG_CXX_LIBRARY = "libc++";
				CLANG_ENABLE_MODULES = YES;
				CLANG_ENABLE_OBJC_ARC = YES;
				CLANG_WARN_BOOL_CONVERSION = YES;
				CLANG_WARN_CONSTANT_CONVERSION = YES;
				CLANG_WARN_DIRECT_OBJC_ISA_USAGE = YES_ERROR;
				CLANG_WARN_EMPTY_BODY = YES;
				CLANG_WARN_ENUM_CONVERSION = YES;
				CLANG_WARN_INT_CONVERSION = YES;
				CLANG_WARN_OBJC_ROOT_CLASS = YES_ERROR;
				CLANG_WARN_UNREACHABLE_CODE = YES;
				CLANG_WARN__DUPLICATE_METHOD_MATCH = YES;
				"CODE_SIGN_IDENTITY[sdk=iphoneos*]" = "iPhone Developer";
				COPY_PHASE_STRIP = NO;
				CURRENT_PROJECT_VERSION = 1;
				ENABLE_STRICT_OBJC_MSGSEND = YES;
				GCC_C_LANGUAGE_STANDARD = gnu99;
				GCC_DYNAMIC_NO_PIC = NO;
				GCC_OPTIMIZATION_LEVEL = 0;
				GCC_PREPROCESSOR_DEFINITIONS = (
					"DEBUG=1",
					"$(inherited)",
				);
				GCC_SYMBOLS_PRIVATE_EXTERN = NO;
				GCC_WARN_64_TO_32_BIT_CONVERSION = YES;
				GCC_WARN_ABOUT_RETURN_TYPE = YES_ERROR;
				GCC_WARN_UNDECLARED_SELECTOR = YES;
				GCC_WARN_UNINITIALIZED_AUTOS = YES_AGGRESSIVE;
				GCC_WARN_UNUSED_FUNCTION = YES;
				GCC_WARN_UNUSED_VARIABLE = YES;
				HEADER_SEARCH_PATHS = (
					"$(inherited)/**",
					/Applications/Xcode.app/Contents/Developer/Toolchains/XcodeDefault.xctoolchain/usr/include,
				);
				IPHONEOS_DEPLOYMENT_TARGET = 7.1;
				MTL_ENABLE_DEBUG_INFO = YES;
				ONLY_ACTIVE_ARCH = YES;
				SDKROOT = iphoneos;
				TARGETED_DEVICE_FAMILY = "1,2";
				VERSIONING_SYSTEM = "apple-generic";
				VERSION_INFO_PREFIX = "";
			};
			name = Debug;
		};
		B6B98F8E197D838A00B16B5E /* Release */ = {
			isa = XCBuildConfiguration;
			baseConfigurationReference = F1351BCBFEF67F0F64D4C98C /* Pods.release.xcconfig */;
			buildSettings = {
				ALWAYS_SEARCH_USER_PATHS = NO;
				CLANG_CXX_LANGUAGE_STANDARD = "gnu++0x";
				CLANG_CXX_LIBRARY = "libc++";
				CLANG_ENABLE_MODULES = YES;
				CLANG_ENABLE_OBJC_ARC = YES;
				CLANG_WARN_BOOL_CONVERSION = YES;
				CLANG_WARN_CONSTANT_CONVERSION = YES;
				CLANG_WARN_DIRECT_OBJC_ISA_USAGE = YES_ERROR;
				CLANG_WARN_EMPTY_BODY = YES;
				CLANG_WARN_ENUM_CONVERSION = YES;
				CLANG_WARN_INT_CONVERSION = YES;
				CLANG_WARN_OBJC_ROOT_CLASS = YES_ERROR;
				CLANG_WARN_UNREACHABLE_CODE = YES;
				CLANG_WARN__DUPLICATE_METHOD_MATCH = YES;
				"CODE_SIGN_IDENTITY[sdk=iphoneos*]" = "iPhone Developer";
				COPY_PHASE_STRIP = YES;
				CURRENT_PROJECT_VERSION = 1;
				ENABLE_NS_ASSERTIONS = NO;
				ENABLE_STRICT_OBJC_MSGSEND = YES;
				GCC_C_LANGUAGE_STANDARD = gnu99;
				GCC_WARN_64_TO_32_BIT_CONVERSION = YES;
				GCC_WARN_ABOUT_RETURN_TYPE = YES_ERROR;
				GCC_WARN_UNDECLARED_SELECTOR = YES;
				GCC_WARN_UNINITIALIZED_AUTOS = YES_AGGRESSIVE;
				GCC_WARN_UNUSED_FUNCTION = YES;
				GCC_WARN_UNUSED_VARIABLE = YES;
				HEADER_SEARCH_PATHS = (
					"$(inherited)/**",
					/Applications/Xcode.app/Contents/Developer/Toolchains/XcodeDefault.xctoolchain/usr/include,
				);
				IPHONEOS_DEPLOYMENT_TARGET = 7.1;
				MTL_ENABLE_DEBUG_INFO = NO;
				SDKROOT = iphoneos;
				TARGETED_DEVICE_FAMILY = "1,2";
				VALIDATE_PRODUCT = YES;
				VERSIONING_SYSTEM = "apple-generic";
				VERSION_INFO_PREFIX = "";
			};
			name = Release;
		};
/* End XCBuildConfiguration section */

/* Begin XCConfigurationList section */
		B63B2FC5197D8AFE00E09F65 /* Build configuration list for PBXNativeTarget "AxolotlKit" */ = {
			isa = XCConfigurationList;
			buildConfigurations = (
				B63B2FC6197D8AFE00E09F65 /* Debug */,
				B63B2FC7197D8AFE00E09F65 /* Release */,
			);
			defaultConfigurationIsVisible = 0;
			defaultConfigurationName = Release;
		};
		B63B2FEA197D8B9600E09F65 /* Build configuration list for PBXNativeTarget "AxolotlKitTests" */ = {
			isa = XCConfigurationList;
			buildConfigurations = (
				B63B2FEB197D8B9600E09F65 /* Debug */,
				B63B2FEC197D8B9600E09F65 /* Release */,
			);
			defaultConfigurationIsVisible = 0;
			defaultConfigurationName = Release;
		};
		B6B98F73197D838A00B16B5E /* Build configuration list for PBXProject "AxolotlKit" */ = {
			isa = XCConfigurationList;
			buildConfigurations = (
				B6B98F8D197D838A00B16B5E /* Debug */,
				B6B98F8E197D838A00B16B5E /* Release */,
			);
			defaultConfigurationIsVisible = 0;
			defaultConfigurationName = Release;
		};
/* End XCConfigurationList section */
	};
	rootObject = B6B98F70197D838A00B16B5E /* Project object */;
}
